
Microsoft Visual Studio Solution File, Format Version 12.00
# Visual Studio Version 17
VisualStudioVersion = 17.9.34526.213
MinimumVisualStudioVersion = 10.0.40219.1
Project("{9A19103F-16F7-4668-BE54-9A1E7A4F7556}") = "SchoolAPI", "SchoolAPI\SchoolAPI.csproj", "{A20979EC-7049-48B7-BEA7-DCA7962A35C4}"
EndProject
Project("{FAE04EC0-301F-11D3-BF4B-00C04F79EFBC}") = "StudentUnitTest", "StudentUnitTest\StudentUnitTest.csproj", "{36660DD8-1406-406D-A8A0-9FEDBCD4EA1A}"
EndProject
Global
	GlobalSection(SolutionConfigurationPlatforms) = preSolution
		Debug|Any CPU = Debug|Any CPU
		Release|Any CPU = Release|Any CPU
	EndGlobalSection
	GlobalSection(ProjectConfigurationPlatforms) = postSolution
		{A20979EC-7049-48B7-BEA7-DCA7962A35C4}.Debug|Any CPU.ActiveCfg = Debug|Any CPU
		{A20979EC-7049-48B7-BEA7-DCA7962A35C4}.Debug|Any CPU.Build.0 = Debug|Any CPU
		{A20979EC-7049-48B7-BEA7-DCA7962A35C4}.Release|Any CPU.ActiveCfg = Release|Any CPU
		{A20979EC-7049-48B7-BEA7-DCA7962A35C4}.Release|Any CPU.Build.0 = Release|Any CPU
		{36660DD8-1406-406D-A8A0-9FEDBCD4EA1A}.Debug|Any CPU.ActiveCfg = Debug|Any CPU
		{36660DD8-1406-406D-A8A0-9FEDBCD4EA1A}.Debug|Any CPU.Build.0 = Debug|Any CPU
		{36660DD8-1406-406D-A8A0-9FEDBCD4EA1A}.Release|Any CPU.ActiveCfg = Release|Any CPU
		{36660DD8-1406-406D-A8A0-9FEDBCD4EA1A}.Release|Any CPU.Build.0 = Release|Any CPU
	EndGlobalSection
	GlobalSection(SolutionProperties) = preSolution
		HideSolutionNode = FALSE
	EndGlobalSection
	GlobalSection(ExtensibilityGlobals) = postSolution
		SolutionGuid = {7A8DF532-6152-45D5-AB81-8795B50FDED2}
	EndGlobalSection
EndGlobal
